
Microsoft Visual Studio Solution File, Format Version 12.00
# Visual Studio Version 17
VisualStudioVersion = 17.14.36109.1
MinimumVisualStudioVersion = 10.0.40219.1
Project("{FAE04EC0-301F-11D3-BF4B-00C04F79EFBC}") = "BrandedWebAppWithAuth", "BrandedWebAppWithAuth\BrandedWebAppWithAuth.csproj", "{90CC8564-730B-4175-8F15-CC810466EDD2}"
EndProject
Project("{FAE04EC0-301F-11D3-BF4B-00C04F79EFBC}") = "BrandedWebAppWithAuth.Client", "BrandedWebAppWithAuth.Client\BrandedWebAppWithAuth.Client.csproj", "{12A34282-21F5-4C9D-9B8F-301E29B11B3F}"
EndProject
Global
	GlobalSection(SolutionConfigurationPlatforms) = preSolution
		Debug|Any CPU = Debug|Any CPU
		Release|Any CPU = Release|Any CPU
	EndGlobalSection
	GlobalSection(ProjectConfigurationPlatforms) = postSolution
		{90CC8564-730B-4175-8F15-CC810466EDD2}.Debug|Any CPU.ActiveCfg = Debug|Any CPU
		{90CC8564-730B-4175-8F15-CC810466EDD2}.Debug|Any CPU.Build.0 = Debug|Any CPU
		{90CC8564-730B-4175-8F15-CC810466EDD2}.Release|Any CPU.ActiveCfg = Release|Any CPU
		{90CC8564-730B-4175-8F15-CC810466EDD2}.Release|Any CPU.Build.0 = Release|Any CPU
		{12A34282-21F5-4C9D-9B8F-301E29B11B3F}.Debug|Any CPU.ActiveCfg = Debug|Any CPU
		{12A34282-21F5-4C9D-9B8F-301E29B11B3F}.Debug|Any CPU.Build.0 = Debug|Any CPU
		{12A34282-21F5-4C9D-9B8F-301E29B11B3F}.Release|Any CPU.ActiveCfg = Release|Any CPU
		{12A34282-21F5-4C9D-9B8F-301E29B11B3F}.Release|Any CPU.Build.0 = Release|Any CPU
	EndGlobalSection
	GlobalSection(SolutionProperties) = preSolution
		HideSolutionNode = FALSE
	EndGlobalSection
	GlobalSection(ExtensibilityGlobals) = postSolution
		SolutionGuid = {C28CBE8A-BFB2-4C31-A5A5-AF5CB43B5C4C}
	EndGlobalSection
EndGlobal
